// !$*UTF8*$!
{
	archiveVersion = 1;
	classes = {
	};
	objectVersion = 46;
	objects = {

/* Begin PBXBuildFile section */
		A809D78D1E00F8BE00036998 /* DetailViewController.swift in Sources */ = {isa = PBXBuildFile; fileRef = A809D78C1E00F8BE00036998 /* DetailViewController.swift */; };
		A809D78F1E00FA9A00036998 /* ThemeViewController.swift in Sources */ = {isa = PBXBuildFile; fileRef = A809D78E1E00FA9A00036998 /* ThemeViewController.swift */; };
		A81D00F61DFFF42D000A52CC /* AppDelegate.swift in Sources */ = {isa = PBXBuildFile; fileRef = A81D00F51DFFF42D000A52CC /* AppDelegate.swift */; };
		A81D00FB1DFFF42D000A52CC /* Main.storyboard in Resources */ = {isa = PBXBuildFile; fileRef = A81D00F91DFFF42D000A52CC /* Main.storyboard */; };
		A81D00FD1DFFF42D000A52CC /* Assets.xcassets in Resources */ = {isa = PBXBuildFile; fileRef = A81D00FC1DFFF42D000A52CC /* Assets.xcassets */; };
		A81D01001DFFF42D000A52CC /* LaunchScreen.storyboard in Resources */ = {isa = PBXBuildFile; fileRef = A81D00FE1DFFF42D000A52CC /* LaunchScreen.storyboard */; };
		A81D01081DFFF573000A52CC /* RootViewController.swift in Sources */ = {isa = PBXBuildFile; fileRef = A81D01071DFFF573000A52CC /* RootViewController.swift */; };
		A81D010A1DFFF7C9000A52CC /* HomeViewController.swift in Sources */ = {isa = PBXBuildFile; fileRef = A81D01091DFFF7C9000A52CC /* HomeViewController.swift */; };
		A81D010C1DFFF7D0000A52CC /* MessageViewController.swift in Sources */ = {isa = PBXBuildFile; fileRef = A81D010B1DFFF7D0000A52CC /* MessageViewController.swift */; };
		A81D010E1DFFF7D7000A52CC /* SearchViewController.swift in Sources */ = {isa = PBXBuildFile; fileRef = A81D010D1DFFF7D7000A52CC /* SearchViewController.swift */; };
		A81D01101DFFF7DD000A52CC /* SettingViewController.swift in Sources */ = {isa = PBXBuildFile; fileRef = A81D010F1DFFF7DD000A52CC /* SettingViewController.swift */; };
		A81D01121DFFF7E4000A52CC /* MoreViewController.swift in Sources */ = {isa = PBXBuildFile; fileRef = A81D01111DFFF7E4000A52CC /* MoreViewController.swift */; };
		A81D01421DFFF88A000A52CC /* 1.png in Resources */ = {isa = PBXBuildFile; fileRef = A81D01141DFFF88A000A52CC /* 1.png */; };
		A81D01431DFFF88A000A52CC /* 1@2x.png in Resources */ = {isa = PBXBuildFile; fileRef = A81D01151DFFF88A000A52CC /* 1@2x.png */; };
		A81D01441DFFF88A000A52CC /* 2.png in Resources */ = {isa = PBXBuildFile; fileRef = A81D01161DFFF88A000A52CC /* 2.png */; };
		A81D01451DFFF88A000A52CC /* 2@2x.png in Resources */ = {isa = PBXBuildFile; fileRef = A81D01171DFFF88A000A52CC /* 2@2x.png */; };
		A81D01461DFFF88A000A52CC /* 3.png in Resources */ = {isa = PBXBuildFile; fileRef = A81D01181DFFF88A000A52CC /* 3.png */; };
		A81D01471DFFF88A000A52CC /* 3@2x.png in Resources */ = {isa = PBXBuildFile; fileRef = A81D01191DFFF88A000A52CC /* 3@2x.png */; };
		A81D01481DFFF88A000A52CC /* 4.png in Resources */ = {isa = PBXBuildFile; fileRef = A81D011A1DFFF88A000A52CC /* 4.png */; };
		A81D01491DFFF88A000A52CC /* 4@2x.png in Resources */ = {isa = PBXBuildFile; fileRef = A81D011B1DFFF88A000A52CC /* 4@2x.png */; };
		A81D014A1DFFF88A000A52CC /* 5.png in Resources */ = {isa = PBXBuildFile; fileRef = A81D011C1DFFF88A000A52CC /* 5.png */; };
		A81D014B1DFFF88A000A52CC /* 5@2x.png in Resources */ = {isa = PBXBuildFile; fileRef = A81D011D1DFFF88A000A52CC /* 5@2x.png */; };
		A81D014C1DFFF88A000A52CC /* 6.png in Resources */ = {isa = PBXBuildFile; fileRef = A81D011E1DFFF88A000A52CC /* 6.png */; };
		A81D014D1DFFF88A000A52CC /* 6@2x.png in Resources */ = {isa = PBXBuildFile; fileRef = A81D011F1DFFF88A000A52CC /* 6@2x.png */; };
		A81D014E1DFFF88A000A52CC /* 7.png in Resources */ = {isa = PBXBuildFile; fileRef = A81D01201DFFF88A000A52CC /* 7.png */; };
		A81D014F1DFFF88A000A52CC /* 7@2x.png in Resources */ = {isa = PBXBuildFile; fileRef = A81D01211DFFF88A000A52CC /* 7@2x.png */; };
		A81D01501DFFF88A000A52CC /* 8.png in Resources */ = {isa = PBXBuildFile; fileRef = A81D01221DFFF88A000A52CC /* 8.png */; };
		A81D01511DFFF88A000A52CC /* 8@2x.png in Resources */ = {isa = PBXBuildFile; fileRef = A81D01231DFFF88A000A52CC /* 8@2x.png */; };
		A81D01521DFFF88A000A52CC /* backcolor.png in Resources */ = {isa = PBXBuildFile; fileRef = A81D01241DFFF88A000A52CC /* backcolor.png */; };
		A81D01531DFFF88A000A52CC /* button_icon_group.png in Resources */ = {isa = PBXBuildFile; fileRef = A81D01251DFFF88A000A52CC /* button_icon_group.png */; };
		A81D01541DFFF88A000A52CC /* button_icon_group@2x.png in Resources */ = {isa = PBXBuildFile; fileRef = A81D01261DFFF88A000A52CC /* button_icon_group@2x.png */; };
		A81D01551DFFF88A000A52CC /* button_icon_plus.png in Resources */ = {isa = PBXBuildFile; fileRef = A81D01271DFFF88A000A52CC /* button_icon_plus.png */; };
		A81D01561DFFF88A000A52CC /* button_icon_plus@2x.png in Resources */ = {isa = PBXBuildFile; fileRef = A81D01281DFFF88A000A52CC /* button_icon_plus@2x.png */; };
		A81D01571DFFF88A000A52CC /* button_m.png in Resources */ = {isa = PBXBuildFile; fileRef = A81D01291DFFF88A000A52CC /* button_m.png */; };
		A81D01581DFFF88A000A52CC /* button_m@2x.png in Resources */ = {isa = PBXBuildFile; fileRef = A81D012A1DFFF88A000A52CC /* button_m@2x.png */; };
		A81D01591DFFF88A000A52CC /* button_title.png in Resources */ = {isa = PBXBuildFile; fileRef = A81D012B1DFFF88A000A52CC /* button_title.png */; };
		A81D015A1DFFF88A000A52CC /* button_title@2x.png in Resources */ = {isa = PBXBuildFile; fileRef = A81D012C1DFFF88A000A52CC /* button_title@2x.png */; };
		A81D015B1DFFF88A000A52CC /* checkmark.png in Resources */ = {isa = PBXBuildFile; fileRef = A81D012D1DFFF88A000A52CC /* checkmark.png */; };
		A81D015C1DFFF88A000A52CC /* checkmark@2x.png in Resources */ = {isa = PBXBuildFile; fileRef = A81D012E1DFFF88A000A52CC /* checkmark@2x.png */; };
		A81D015D1DFFF88A000A52CC /* group_btn_all_on.png in Resources */ = {isa = PBXBuildFile; fileRef = A81D012F1DFFF88A000A52CC /* group_btn_all_on.png */; };
		A81D015E1DFFF88A000A52CC /* group_btn_all_on@2x.png in Resources */ = {isa = PBXBuildFile; fileRef = A81D01301DFFF88A000A52CC /* group_btn_all_on@2x.png */; };
		A81D015F1DFFF88A000A52CC /* home_bottom_tab_arrow.png in Resources */ = {isa = PBXBuildFile; fileRef = A81D01321DFFF88A000A52CC /* home_bottom_tab_arrow.png */; };
		A81D01601DFFF88A000A52CC /* home_bottom_tab_arrow@2x.png in Resources */ = {isa = PBXBuildFile; fileRef = A81D01331DFFF88A000A52CC /* home_bottom_tab_arrow@2x.png */; };
		A81D01611DFFF88A000A52CC /* home_tab_icon_1.png in Resources */ = {isa = PBXBuildFile; fileRef = A81D01341DFFF88A000A52CC /* home_tab_icon_1.png */; };
		A81D01621DFFF88A000A52CC /* home_tab_icon_1@2x.png in Resources */ = {isa = PBXBuildFile; fileRef = A81D01351DFFF88A000A52CC /* home_tab_icon_1@2x.png */; };
		A81D01631DFFF88A000A52CC /* home_tab_icon_2.png in Resources */ = {isa = PBXBuildFile; fileRef = A81D01361DFFF88A000A52CC /* home_tab_icon_2.png */; };
		A81D01641DFFF88A000A52CC /* home_tab_icon_2@2x.png in Resources */ = {isa = PBXBuildFile; fileRef = A81D01371DFFF88A000A52CC /* home_tab_icon_2@2x.png */; };
		A81D01651DFFF88A000A52CC /* home_tab_icon_3.png in Resources */ = {isa = PBXBuildFile; fileRef = A81D01381DFFF88A000A52CC /* home_tab_icon_3.png */; };
		A81D01661DFFF88A000A52CC /* home_tab_icon_3@2x.png in Resources */ = {isa = PBXBuildFile; fileRef = A81D01391DFFF88A000A52CC /* home_tab_icon_3@2x.png */; };
		A81D01671DFFF88A000A52CC /* home_tab_icon_4.png in Resources */ = {isa = PBXBuildFile; fileRef = A81D013A1DFFF88A000A52CC /* home_tab_icon_4.png */; };
		A81D01681DFFF88A000A52CC /* home_tab_icon_4@2x.png in Resources */ = {isa = PBXBuildFile; fileRef = A81D013B1DFFF88A000A52CC /* home_tab_icon_4@2x.png */; };
		A81D01691DFFF88A000A52CC /* home_tab_icon_5.png in Resources */ = {isa = PBXBuildFile; fileRef = A81D013C1DFFF88A000A52CC /* home_tab_icon_5.png */; };
		A81D016A1DFFF88A000A52CC /* home_tab_icon_5@2x.png in Resources */ = {isa = PBXBuildFile; fileRef = A81D013D1DFFF88A000A52CC /* home_tab_icon_5@2x.png */; };
		A81D016B1DFFF88A000A52CC /* mask_navbar.png in Resources */ = {isa = PBXBuildFile; fileRef = A81D013E1DFFF88A000A52CC /* mask_navbar.png */; };
		A81D016C1DFFF88A000A52CC /* mask_navbar@2x.png in Resources */ = {isa = PBXBuildFile; fileRef = A81D013F1DFFF88A000A52CC /* mask_navbar@2x.png */; };
		A81D016D1DFFF88A000A52CC /* topbg.png in Resources */ = {isa = PBXBuildFile; fileRef = A81D01401DFFF88A000A52CC /* topbg.png */; };
		A81D016E1DFFF88A000A52CC /* topbg@2x.png in Resources */ = {isa = PBXBuildFile; fileRef = A81D01411DFFF88A000A52CC /* topbg@2x.png */; };
/* End PBXBuildFile section */

/* Begin PBXFileReference section */
		A809D78C1E00F8BE00036998 /* DetailViewController.swift */ = {isa = PBXFileReference; fileEncoding = 4; lastKnownFileType = sourcecode.swift; path = DetailViewController.swift; sourceTree = "<group>"; };
		A809D78E1E00FA9A00036998 /* ThemeViewController.swift */ = {isa = PBXFileReference; fileEncoding = 4; lastKnownFileType = sourcecode.swift; path = ThemeViewController.swift; sourceTree = "<group>"; };
		A81D00F21DFFF42D000A52CC /* 1605-Swift三级结构storyboard.app */ = {isa = PBXFileReference; explicitFileType = wrapper.application; includeInIndex = 0; path = "1605-Swift三级结构storyboard.app"; sourceTree = BUILT_PRODUCTS_DIR; };
		A81D00F51DFFF42D000A52CC /* AppDelegate.swift */ = {isa = PBXFileReference; lastKnownFileType = sourcecode.swift; path = AppDelegate.swift; sourceTree = "<group>"; };
		A81D00FA1DFFF42D000A52CC /* Base */ = {isa = PBXFileReference; lastKnownFileType = file.storyboard; name = Base; path = Base.lproj/Main.storyboard; sourceTree = "<group>"; };
		A81D00FC1DFFF42D000A52CC /* Assets.xcassets */ = {isa = PBXFileReference; lastKnownFileType = folder.assetcatalog; path = Assets.xcassets; sourceTree = "<group>"; };
		A81D00FF1DFFF42D000A52CC /* Base */ = {isa = PBXFileReference; lastKnownFileType = file.storyboard; name = Base; path = Base.lproj/LaunchScreen.storyboard; sourceTree = "<group>"; };
		A81D01011DFFF42D000A52CC /* Info.plist */ = {isa = PBXFileReference; lastKnownFileType = text.plist.xml; path = Info.plist; sourceTree = "<group>"; };
		A81D01071DFFF573000A52CC /* RootViewController.swift */ = {isa = PBXFileReference; fileEncoding = 4; lastKnownFileType = sourcecode.swift; path = RootViewController.swift; sourceTree = "<group>"; };
		A81D01091DFFF7C9000A52CC /* HomeViewController.swift */ = {isa = PBXFileReference; fileEncoding = 4; lastKnownFileType = sourcecode.swift; path = HomeViewController.swift; sourceTree = "<group>"; };
		A81D010B1DFFF7D0000A52CC /* MessageViewController.swift */ = {isa = PBXFileReference; fileEncoding = 4; lastKnownFileType = sourcecode.swift; path = MessageViewController.swift; sourceTree = "<group>"; };
		A81D010D1DFFF7D7000A52CC /* SearchViewController.swift */ = {isa = PBXFileReference; fileEncoding = 4; lastKnownFileType = sourcecode.swift; path = SearchViewController.swift; sourceTree = "<group>"; };
		A81D010F1DFFF7DD000A52CC /* SettingViewController.swift */ = {isa = PBXFileReference; fileEncoding = 4; lastKnownFileType = sourcecode.swift; path = SettingViewController.swift; sourceTree = "<group>"; };
		A81D01111DFFF7E4000A52CC /* MoreViewController.swift */ = {isa = PBXFileReference; fileEncoding = 4; lastKnownFileType = sourcecode.swift; path = MoreViewController.swift; sourceTree = "<group>"; };
		A81D01141DFFF88A000A52CC /* 1.png */ = {isa = PBXFileReference; lastKnownFileType = image.png; path = 1.png; sourceTree = "<group>"; };
		A81D01151DFFF88A000A52CC /* 1@2x.png */ = {isa = PBXFileReference; lastKnownFileType = image.png; path = "1@2x.png"; sourceTree = "<group>"; };
		A81D01161DFFF88A000A52CC /* 2.png */ = {isa = PBXFileReference; lastKnownFileType = image.png; path = 2.png; sourceTree = "<group>"; };
		A81D01171DFFF88A000A52CC /* 2@2x.png */ = {isa = PBXFileReference; lastKnownFileType = image.png; path = "2@2x.png"; sourceTree = "<group>"; };
		A81D01181DFFF88A000A52CC /* 3.png */ = {isa = PBXFileReference; lastKnownFileType = image.png; path = 3.png; sourceTree = "<group>"; };
		A81D01191DFFF88A000A52CC /* 3@2x.png */ = {isa = PBXFileReference; lastKnownFileType = image.png; path = "3@2x.png"; sourceTree = "<group>"; };
		A81D011A1DFFF88A000A52CC /* 4.png */ = {isa = PBXFileReference; lastKnownFileType = image.png; path = 4.png; sourceTree = "<group>"; };
		A81D011B1DFFF88A000A52CC /* 4@2x.png */ = {isa = PBXFileReference; lastKnownFileType = image.png; path = "4@2x.png"; sourceTree = "<group>"; };
		A81D011C1DFFF88A000A52CC /* 5.png */ = {isa = PBXFileReference; lastKnownFileType = image.png; path = 5.png; sourceTree = "<group>"; };
		A81D011D1DFFF88A000A52CC /* 5@2x.png */ = {isa = PBXFileReference; lastKnownFileType = image.png; path = "5@2x.png"; sourceTree = "<group>"; };
		A81D011E1DFFF88A000A52CC /* 6.png */ = {isa = PBXFileReference; lastKnownFileType = image.png; path = 6.png; sourceTree = "<group>"; };
		A81D011F1DFFF88A000A52CC /* 6@2x.png */ = {isa = PBXFileReference; lastKnownFileType = image.png; path = "6@2x.png"; sourceTree = "<group>"; };
		A81D01201DFFF88A000A52CC /* 7.png */ = {isa = PBXFileReference; lastKnownFileType = image.png; path = 7.png; sourceTree = "<group>"; };
		A81D01211DFFF88A000A52CC /* 7@2x.png */ = {isa = PBXFileReference; lastKnownFileType = image.png; path = "7@2x.png"; sourceTree = "<group>"; };
		A81D01221DFFF88A000A52CC /* 8.png */ = {isa = PBXFileReference; lastKnownFileType = image.png; path = 8.png; sourceTree = "<group>"; };
		A81D01231DFFF88A000A52CC /* 8@2x.png */ = {isa = PBXFileReference; lastKnownFileType = image.png; path = "8@2x.png"; sourceTree = "<group>"; };
		A81D01241DFFF88A000A52CC /* backcolor.png */ = {isa = PBXFileReference; lastKnownFileType = image.png; path = backcolor.png; sourceTree = "<group>"; };
		A81D01251DFFF88A000A52CC /* button_icon_group.png */ = {isa = PBXFileReference; lastKnownFileType = image.png; path = button_icon_group.png; sourceTree = "<group>"; };
		A81D01261DFFF88A000A52CC /* button_icon_group@2x.png */ = {isa = PBXFileReference; lastKnownFileType = image.png; path = "button_icon_group@2x.png"; sourceTree = "<group>"; };
		A81D01271DFFF88A000A52CC /* button_icon_plus.png */ = {isa = PBXFileReference; lastKnownFileType = image.png; path = button_icon_plus.png; sourceTree = "<group>"; };
		A81D01281DFFF88A000A52CC /* button_icon_plus@2x.png */ = {isa = PBXFileReference; lastKnownFileType = image.png; path = "button_icon_plus@2x.png"; sourceTree = "<group>"; };
		A81D01291DFFF88A000A52CC /* button_m.png */ = {isa = PBXFileReference; lastKnownFileType = image.png; path = button_m.png; sourceTree = "<group>"; };
		A81D012A1DFFF88A000A52CC /* button_m@2x.png */ = {isa = PBXFileReference; lastKnownFileType = image.png; path = "button_m@2x.png"; sourceTree = "<group>"; };
		A81D012B1DFFF88A000A52CC /* button_title.png */ = {isa = PBXFileReference; lastKnownFileType = image.png; path = button_title.png; sourceTree = "<group>"; };
		A81D012C1DFFF88A000A52CC /* button_title@2x.png */ = {isa = PBXFileReference; lastKnownFileType = image.png; path = "button_title@2x.png"; sourceTree = "<group>"; };
		A81D012D1DFFF88A000A52CC /* checkmark.png */ = {isa = PBXFileReference; lastKnownFileType = image.png; path = checkmark.png; sourceTree = "<group>"; };
		A81D012E1DFFF88A000A52CC /* checkmark@2x.png */ = {isa = PBXFileReference; lastKnownFileType = image.png; path = "checkmark@2x.png"; sourceTree = "<group>"; };
		A81D012F1DFFF88A000A52CC /* group_btn_all_on.png */ = {isa = PBXFileReference; lastKnownFileType = image.png; path = group_btn_all_on.png; sourceTree = "<group>"; };
		A81D01301DFFF88A000A52CC /* group_btn_all_on@2x.png */ = {isa = PBXFileReference; lastKnownFileType = image.png; path = "group_btn_all_on@2x.png"; sourceTree = "<group>"; };
		A81D01321DFFF88A000A52CC /* home_bottom_tab_arrow.png */ = {isa = PBXFileReference; lastKnownFileType = image.png; path = home_bottom_tab_arrow.png; sourceTree = "<group>"; };
		A81D01331DFFF88A000A52CC /* home_bottom_tab_arrow@2x.png */ = {isa = PBXFileReference; lastKnownFileType = image.png; path = "home_bottom_tab_arrow@2x.png"; sourceTree = "<group>"; };
		A81D01341DFFF88A000A52CC /* home_tab_icon_1.png */ = {isa = PBXFileReference; lastKnownFileType = image.png; path = home_tab_icon_1.png; sourceTree = "<group>"; };
		A81D01351DFFF88A000A52CC /* home_tab_icon_1@2x.png */ = {isa = PBXFileReference; lastKnownFileType = image.png; path = "home_tab_icon_1@2x.png"; sourceTree = "<group>"; };
		A81D01361DFFF88A000A52CC /* home_tab_icon_2.png */ = {isa = PBXFileReference; lastKnownFileType = image.png; path = home_tab_icon_2.png; sourceTree = "<group>"; };
		A81D01371DFFF88A000A52CC /* home_tab_icon_2@2x.png */ = {isa = PBXFileReference; lastKnownFileType = image.png; path = "home_tab_icon_2@2x.png"; sourceTree = "<group>"; };
		A81D01381DFFF88A000A52CC /* home_tab_icon_3.png */ = {isa = PBXFileReference; lastKnownFileType = image.png; path = home_tab_icon_3.png; sourceTree = "<group>"; };
		A81D01391DFFF88A000A52CC /* home_tab_icon_3@2x.png */ = {isa = PBXFileReference; lastKnownFileType = image.png; path = "home_tab_icon_3@2x.png"; sourceTree = "<group>"; };
		A81D013A1DFFF88A000A52CC /* home_tab_icon_4.png */ = {isa = PBXFileReference; lastKnownFileType = image.png; path = home_tab_icon_4.png; sourceTree = "<group>"; };
		A81D013B1DFFF88A000A52CC /* home_tab_icon_4@2x.png */ = {isa = PBXFileReference; lastKnownFileType = image.png; path = "home_tab_icon_4@2x.png"; sourceTree = "<group>"; };
		A81D013C1DFFF88A000A52CC /* home_tab_icon_5.png */ = {isa = PBXFileReference; lastKnownFileType = image.png; path = home_tab_icon_5.png; sourceTree = "<group>"; };
		A81D013D1DFFF88A000A52CC /* home_tab_icon_5@2x.png */ = {isa = PBXFileReference; lastKnownFileType = image.png; path = "home_tab_icon_5@2x.png"; sourceTree = "<group>"; };
		A81D013E1DFFF88A000A52CC /* mask_navbar.png */ = {isa = PBXFileReference; lastKnownFileType = image.png; path = mask_navbar.png; sourceTree = "<group>"; };
		A81D013F1DFFF88A000A52CC /* mask_navbar@2x.png */ = {isa = PBXFileReference; lastKnownFileType = image.png; path = "mask_navbar@2x.png"; sourceTree = "<group>"; };
		A81D01401DFFF88A000A52CC /* topbg.png */ = {isa = PBXFileReference; lastKnownFileType = image.png; path = topbg.png; sourceTree = "<group>"; };
		A81D01411DFFF88A000A52CC /* topbg@2x.png */ = {isa = PBXFileReference; lastKnownFileType = image.png; path = "topbg@2x.png"; sourceTree = "<group>"; };
/* End PBXFileReference section */

/* Begin PBXFrameworksBuildPhase section */
		A81D00EF1DFFF42D000A52CC /* Frameworks */ = {
			isa = PBXFrameworksBuildPhase;
			buildActionMask = 2147483647;
			files = (
			);
			runOnlyForDeploymentPostprocessing = 0;
		};
/* End PBXFrameworksBuildPhase section */

/* Begin PBXGroup section */
		A81D00E91DFFF42D000A52CC = {
			isa = PBXGroup;
			children = (
				A81D00F41DFFF42D000A52CC /* 1605-Swift三级结构storyboard */,
				A81D00F31DFFF42D000A52CC /* Products */,
			);
			sourceTree = "<group>";
		};
		A81D00F31DFFF42D000A52CC /* Products */ = {
			isa = PBXGroup;
			children = (
				A81D00F21DFFF42D000A52CC /* 1605-Swift三级结构storyboard.app */,
			);
			name = Products;
			sourceTree = "<group>";
		};
		A81D00F41DFFF42D000A52CC /* 1605-Swift三级结构storyboard */ = {
			isa = PBXGroup;
			children = (
				A81D01131DFFF88A000A52CC /* tabBar作业素材 */,
				A81D00F51DFFF42D000A52CC /* AppDelegate.swift */,
				A81D01071DFFF573000A52CC /* RootViewController.swift */,
				A81D01091DFFF7C9000A52CC /* HomeViewController.swift */,
				A81D010B1DFFF7D0000A52CC /* MessageViewController.swift */,
				A81D010D1DFFF7D7000A52CC /* SearchViewController.swift */,
				A81D010F1DFFF7DD000A52CC /* SettingViewController.swift */,
				A81D01111DFFF7E4000A52CC /* MoreViewController.swift */,
				A809D78C1E00F8BE00036998 /* DetailViewController.swift */,
				A809D78E1E00FA9A00036998 /* ThemeViewController.swift */,
				A81D00F91DFFF42D000A52CC /* Main.storyboard */,
				A81D00FC1DFFF42D000A52CC /* Assets.xcassets */,
				A81D00FE1DFFF42D000A52CC /* LaunchScreen.storyboard */,
				A81D01011DFFF42D000A52CC /* Info.plist */,
			);
			path = "1605-Swift三级结构storyboard";
			sourceTree = "<group>";
		};
		A81D01131DFFF88A000A52CC /* tabBar作业素材 */ = {
			isa = PBXGroup;
			children = (
				A81D01141DFFF88A000A52CC /* 1.png */,
				A81D01151DFFF88A000A52CC /* 1@2x.png */,
				A81D01161DFFF88A000A52CC /* 2.png */,
				A81D01171DFFF88A000A52CC /* 2@2x.png */,
				A81D01181DFFF88A000A52CC /* 3.png */,
				A81D01191DFFF88A000A52CC /* 3@2x.png */,
				A81D011A1DFFF88A000A52CC /* 4.png */,
				A81D011B1DFFF88A000A52CC /* 4@2x.png */,
				A81D011C1DFFF88A000A52CC /* 5.png */,
				A81D011D1DFFF88A000A52CC /* 5@2x.png */,
				A81D011E1DFFF88A000A52CC /* 6.png */,
				A81D011F1DFFF88A000A52CC /* 6@2x.png */,
				A81D01201DFFF88A000A52CC /* 7.png */,
				A81D01211DFFF88A000A52CC /* 7@2x.png */,
				A81D01221DFFF88A000A52CC /* 8.png */,
				A81D01231DFFF88A000A52CC /* 8@2x.png */,
				A81D01241DFFF88A000A52CC /* backcolor.png */,
				A81D01251DFFF88A000A52CC /* button_icon_group.png */,
				A81D01261DFFF88A000A52CC /* button_icon_group@2x.png */,
				A81D01271DFFF88A000A52CC /* button_icon_plus.png */,
				A81D01281DFFF88A000A52CC /* button_icon_plus@2x.png */,
				A81D01291DFFF88A000A52CC /* button_m.png */,
				A81D012A1DFFF88A000A52CC /* button_m@2x.png */,
				A81D012B1DFFF88A000A52CC /* button_title.png */,
				A81D012C1DFFF88A000A52CC /* button_title@2x.png */,
				A81D012D1DFFF88A000A52CC /* checkmark.png */,
				A81D012E1DFFF88A000A52CC /* checkmark@2x.png */,
				A81D012F1DFFF88A000A52CC /* group_btn_all_on.png */,
				A81D01301DFFF88A000A52CC /* group_btn_all_on@2x.png */,
				A81D01311DFFF88A000A52CC /* tabBar */,
				A81D01401DFFF88A000A52CC /* topbg.png */,
				A81D01411DFFF88A000A52CC /* topbg@2x.png */,
			);
			path = "tabBar作业素材";
			sourceTree = "<group>";
		};
		A81D01311DFFF88A000A52CC /* tabBar */ = {
			isa = PBXGroup;
			children = (
				A81D01321DFFF88A000A52CC /* home_bottom_tab_arrow.png */,
				A81D01331DFFF88A000A52CC /* home_bottom_tab_arrow@2x.png */,
				A81D01341DFFF88A000A52CC /* home_tab_icon_1.png */,
				A81D01351DFFF88A000A52CC /* home_tab_icon_1@2x.png */,
				A81D01361DFFF88A000A52CC /* home_tab_icon_2.png */,
				A81D01371DFFF88A000A52CC /* home_tab_icon_2@2x.png */,
				A81D01381DFFF88A000A52CC /* home_tab_icon_3.png */,
				A81D01391DFFF88A000A52CC /* home_tab_icon_3@2x.png */,
				A81D013A1DFFF88A000A52CC /* home_tab_icon_4.png */,
				A81D013B1DFFF88A000A52CC /* home_tab_icon_4@2x.png */,
				A81D013C1DFFF88A000A52CC /* home_tab_icon_5.png */,
				A81D013D1DFFF88A000A52CC /* home_tab_icon_5@2x.png */,
				A81D013E1DFFF88A000A52CC /* mask_navbar.png */,
				A81D013F1DFFF88A000A52CC /* mask_navbar@2x.png */,
			);
			path = tabBar;
			sourceTree = "<group>";
		};
/* End PBXGroup section */

/* Begin PBXNativeTarget section */
		A81D00F11DFFF42D000A52CC /* 1605-Swift三级结构storyboard */ = {
			isa = PBXNativeTarget;
			buildConfigurationList = A81D01041DFFF42D000A52CC /* Build configuration list for PBXNativeTarget "1605-Swift三级结构storyboard" */;
			buildPhases = (
				A81D00EE1DFFF42D000A52CC /* Sources */,
				A81D00EF1DFFF42D000A52CC /* Frameworks */,
				A81D00F01DFFF42D000A52CC /* Resources */,
			);
			buildRules = (
			);
			dependencies = (
			);
			name = "1605-Swift三级结构storyboard";
			productName = "1605-Swift三级结构storyboard";
			productReference = A81D00F21DFFF42D000A52CC /* 1605-Swift三级结构storyboard.app */;
			productType = "com.apple.product-type.application";
		};
/* End PBXNativeTarget section */

/* Begin PBXProject section */
		A81D00EA1DFFF42D000A52CC /* Project object */ = {
			isa = PBXProject;
			attributes = {
				LastSwiftUpdateCheck = 0810;
				LastUpgradeCheck = 0810;
				ORGANIZATIONNAME = "Meng Fan";
				TargetAttributes = {
					A81D00F11DFFF42D000A52CC = {
						CreatedOnToolsVersion = 8.1;
						ProvisioningStyle = Automatic;
					};
				};
			};
			buildConfigurationList = A81D00ED1DFFF42D000A52CC /* Build configuration list for PBXProject "1605-Swift三级结构storyboard" */;
			compatibilityVersion = "Xcode 3.2";
			developmentRegion = English;
			hasScannedForEncodings = 0;
			knownRegions = (
				en,
				Base,
			);
			mainGroup = A81D00E91DFFF42D000A52CC;
			productRefGroup = A81D00F31DFFF42D000A52CC /* Products */;
			projectDirPath = "";
			projectRoot = "";
			targets = (
				A81D00F11DFFF42D000A52CC /* 1605-Swift三级结构storyboard */,
			);
		};
/* End PBXProject section */

/* Begin PBXResourcesBuildPhase section */
		A81D00F01DFFF42D000A52CC /* Resources */ = {
			isa = PBXResourcesBuildPhase;
			buildActionMask = 2147483647;
			files = (
				A81D01591DFFF88A000A52CC /* button_title.png in Resources */,
				A81D01521DFFF88A000A52CC /* backcolor.png in Resources */,
				A81D014C1DFFF88A000A52CC /* 6.png in Resources */,
				A81D01471DFFF88A000A52CC /* 3@2x.png in Resources */,
				A81D015C1DFFF88A000A52CC /* checkmark@2x.png in Resources */,
				A81D016E1DFFF88A000A52CC /* topbg@2x.png in Resources */,
				A81D01671DFFF88A000A52CC /* home_tab_icon_4.png in Resources */,
				A81D01441DFFF88A000A52CC /* 2.png in Resources */,
				A81D014F1DFFF88A000A52CC /* 7@2x.png in Resources */,
				A81D01491DFFF88A000A52CC /* 4@2x.png in Resources */,
				A81D01001DFFF42D000A52CC /* LaunchScreen.storyboard in Resources */,
				A81D016C1DFFF88A000A52CC /* mask_navbar@2x.png in Resources */,
				A81D01501DFFF88A000A52CC /* 8.png in Resources */,
				A81D014B1DFFF88A000A52CC /* 5@2x.png in Resources */,
				A81D01451DFFF88A000A52CC /* 2@2x.png in Resources */,
				A81D015B1DFFF88A000A52CC /* checkmark.png in Resources */,
				A81D01641DFFF88A000A52CC /* home_tab_icon_2@2x.png in Resources */,
				A81D01461DFFF88A000A52CC /* 3.png in Resources */,
				A81D01561DFFF88A000A52CC /* button_icon_plus@2x.png in Resources */,
				A81D01681DFFF88A000A52CC /* home_tab_icon_4@2x.png in Resources */,
				A81D016D1DFFF88A000A52CC /* topbg.png in Resources */,
				A81D015A1DFFF88A000A52CC /* button_title@2x.png in Resources */,
				A81D01531DFFF88A000A52CC /* button_icon_group.png in Resources */,
				A81D01651DFFF88A000A52CC /* home_tab_icon_3.png in Resources */,
				A81D015F1DFFF88A000A52CC /* home_bottom_tab_arrow.png in Resources */,
				A81D01611DFFF88A000A52CC /* home_tab_icon_1.png in Resources */,
				A81D01631DFFF88A000A52CC /* home_tab_icon_2.png in Resources */,
				A81D015D1DFFF88A000A52CC /* group_btn_all_on.png in Resources */,
				A81D01511DFFF88A000A52CC /* 8@2x.png in Resources */,
				A81D01421DFFF88A000A52CC /* 1.png in Resources */,
				A81D01551DFFF88A000A52CC /* button_icon_plus.png in Resources */,
				A81D01601DFFF88A000A52CC /* home_bottom_tab_arrow@2x.png in Resources */,
				A81D016B1DFFF88A000A52CC /* mask_navbar.png in Resources */,
				A81D01691DFFF88A000A52CC /* home_tab_icon_5.png in Resources */,
				A81D01431DFFF88A000A52CC /* 1@2x.png in Resources */,
				A81D00FD1DFFF42D000A52CC /* Assets.xcassets in Resources */,
				A81D014A1DFFF88A000A52CC /* 5.png in Resources */,
				A81D015E1DFFF88A000A52CC /* group_btn_all_on@2x.png in Resources */,
				A81D01541DFFF88A000A52CC /* button_icon_group@2x.png in Resources */,
				A81D01581DFFF88A000A52CC /* button_m@2x.png in Resources */,
				A81D01571DFFF88A000A52CC /* button_m.png in Resources */,
				A81D014D1DFFF88A000A52CC /* 6@2x.png in Resources */,
				A81D01481DFFF88A000A52CC /* 4.png in Resources */,
				A81D01661DFFF88A000A52CC /* home_tab_icon_3@2x.png in Resources */,
				A81D00FB1DFFF42D000A52CC /* Main.storyboard in Resources */,
				A81D01621DFFF88A000A52CC /* home_tab_icon_1@2x.png in Resources */,
				A81D016A1DFFF88A000A52CC /* home_tab_icon_5@2x.png in Resources */,
				A81D014E1DFFF88A000A52CC /* 7.png in Resources */,
			);
			runOnlyForDeploymentPostprocessing = 0;
		};
/* End PBXResourcesBuildPhase section */

/* Begin PBXSourcesBuildPhase section */
		A81D00EE1DFFF42D000A52CC /* Sources */ = {
			isa = PBXSourcesBuildPhase;
			buildActionMask = 2147483647;
			files = (
				A81D01121DFFF7E4000A52CC /* MoreViewController.swift in Sources */,
				A81D010E1DFFF7D7000A52CC /* SearchViewController.swift in Sources */,
				A81D01081DFFF573000A52CC /* RootViewController.swift in Sources */,
				A81D00F61DFFF42D000A52CC /* AppDelegate.swift in Sources */,
				A81D010C1DFFF7D0000A52CC /* MessageViewController.swift in Sources */,
				A81D010A1DFFF7C9000A52CC /* HomeViewController.swift in Sources */,
				A809D78F1E00FA9A00036998 /* ThemeViewController.swift in Sources */,
				A81D01101DFFF7DD000A52CC /* SettingViewController.swift in Sources */,
				A809D78D1E00F8BE00036998 /* DetailViewController.swift in Sources */,
			);
			runOnlyForDeploymentPostprocessing = 0;
		};
/* End PBXSourcesBuildPhase section */

/* Begin PBXVariantGroup section */
		A81D00F91DFFF42D000A52CC /* Main.storyboard */ = {
			isa = PBXVariantGroup;
			children = (
				A81D00FA1DFFF42D000A52CC /* Base */,
			);
			name = Main.storyboard;
			sourceTree = "<group>";
		};
		A81D00FE1DFFF42D000A52CC /* LaunchScreen.storyboard */ = {
			isa = PBXVariantGroup;
			children = (
				A81D00FF1DFFF42D000A52CC /* Base */,
			);
			name = LaunchScreen.storyboard;
			sourceTree = "<group>";
		};
/* End PBXVariantGroup section */

/* Begin XCBuildConfiguration section */
		A81D01021DFFF42D000A52CC /* Debug */ = {
			isa = XCBuildConfiguration;
			buildSettings = {
				ALWAYS_SEARCH_USER_PATHS = NO;
				CLANG_ANALYZER_NONNULL = YES;
				CLANG_CXX_LANGUAGE_STANDARD = "gnu++0x";
				CLANG_CXX_LIBRARY = "libc++";
				CLANG_ENABLE_MODULES = YES;
				CLANG_ENABLE_OBJC_ARC = YES;
				CLANG_WARN_BOOL_CONVERSION = YES;
				CLANG_WARN_CONSTANT_CONVERSION = YES;
				CLANG_WARN_DIRECT_OBJC_ISA_USAGE = YES_ERROR;
				CLANG_WARN_DOCUMENTATION_COMMENTS = YES;
				CLANG_WARN_EMPTY_BODY = YES;
				CLANG_WARN_ENUM_CONVERSION = YES;
				CLANG_WARN_INFINITE_RECURSION = YES;
				CLANG_WARN_INT_CONVERSION = YES;
				CLANG_WARN_OBJC_ROOT_CLASS = YES_ERROR;
				CLANG_WARN_SUSPICIOUS_MOVES = YES;
				CLANG_WARN_UNREACHABLE_CODE = YES;
				CLANG_WARN__DUPLICATE_METHOD_MATCH = YES;
				"CODE_SIGN_IDENTITY[sdk=iphoneos*]" = "iPhone Developer";
				COPY_PHASE_STRIP = NO;
				DEBUG_INFORMATION_FORMAT = dwarf;
				ENABLE_STRICT_OBJC_MSGSEND = YES;
				ENABLE_TESTABILITY = YES;
				GCC_C_LANGUAGE_STANDARD = gnu99;
				GCC_DYNAMIC_NO_PIC = NO;
				GCC_NO_COMMON_BLOCKS = YES;
				GCC_OPTIMIZATION_LEVEL = 0;
				GCC_PREPROCESSOR_DEFINITIONS = (
					"DEBUG=1",
					"$(inherited)",
				);
				GCC_WARN_64_TO_32_BIT_CONVERSION = YES;
				GCC_WARN_ABOUT_RETURN_TYPE = YES_ERROR;
				GCC_WARN_UNDECLARED_SELECTOR = YES;
				GCC_WARN_UNINITIALIZED_AUTOS = YES_AGGRESSIVE;
				GCC_WARN_UNUSED_FUNCTION = YES;
				GCC_WARN_UNUSED_VARIABLE = YES;
				IPHONEOS_DEPLOYMENT_TARGET = 10.1;
				MTL_ENABLE_DEBUG_INFO = YES;
				ONLY_ACTIVE_ARCH = YES;
				SDKROOT = iphoneos;
				SWIFT_ACTIVE_COMPILATION_CONDITIONS = DEBUG;
				SWIFT_OPTIMIZATION_LEVEL = "-Onone";
			};
			name = Debug;
		};
		A81D01031DFFF42D000A52CC /* Release */ = {
			isa = XCBuildConfiguration;
			buildSettings = {
				ALWAYS_SEARCH_USER_PATHS = NO;
				CLANG_ANALYZER_NONNULL = YES;
				CLANG_CXX_LANGUAGE_STANDARD = "gnu++0x";
				CLANG_CXX_LIBRARY = "libc++";
				CLANG_ENABLE_MODULES = YES;
				CLANG_ENABLE_OBJC_ARC = YES;
				CLANG_WARN_BOOL_CONVERSION = YES;
				CLANG_WARN_CONSTANT_CONVERSION = YES;
				CLANG_WARN_DIRECT_OBJC_ISA_USAGE = YES_ERROR;
				CLANG_WARN_DOCUMENTATION_COMMENTS = YES;
				CLANG_WARN_EMPTY_BODY = YES;
				CLANG_WARN_ENUM_CONVERSION = YES;
				CLANG_WARN_INFINITE_RECURSION = YES;
				CLANG_WARN_INT_CONVERSION = YES;
				CLANG_WARN_OBJC_ROOT_CLASS = YES_ERROR;
				CLANG_WARN_SUSPICIOUS_MOVES = YES;
				CLANG_WARN_UNREACHABLE_CODE = YES;
				CLANG_WARN__DUPLICATE_METHOD_MATCH = YES;
				"CODE_SIGN_IDENTITY[sdk=iphoneos*]" = "iPhone Developer";
				COPY_PHASE_STRIP = NO;
				DEBUG_INFORMATION_FORMAT = "dwarf-with-dsym";
				ENABLE_NS_ASSERTIONS = NO;
				ENABLE_STRICT_OBJC_MSGSEND = YES;
				GCC_C_LANGUAGE_STANDARD = gnu99;
				GCC_NO_COMMON_BLOCKS = YES;
				GCC_WARN_64_TO_32_BIT_CONVERSION = YES;
				GCC_WARN_ABOUT_RETURN_TYPE = YES_ERROR;
				GCC_WARN_UNDECLARED_SELECTOR = YES;
				GCC_WARN_UNINITIALIZED_AUTOS = YES_AGGRESSIVE;
				GCC_WARN_UNUSED_FUNCTION = YES;
				GCC_WARN_UNUSED_VARIABLE = YES;
				IPHONEOS_DEPLOYMENT_TARGET = 10.1;
				MTL_ENABLE_DEBUG_INFO = NO;
				SDKROOT = iphoneos;
				SWIFT_OPTIMIZATION_LEVEL = "-Owholemodule";
				VALIDATE_PRODUCT = YES;
			};
			name = Release;
		};
		A81D01051DFFF42D000A52CC /* Debug */ = {
			isa = XCBuildConfiguration;
			buildSettings = {
				ASSETCATALOG_COMPILER_APPICON_NAME = AppIcon;
				INFOPLIST_FILE = "1605-Swift三级结构storyboard/Info.plist";
				LD_RUNPATH_SEARCH_PATHS = "$(inherited) @executable_path/Frameworks";
				PRODUCT_BUNDLE_IDENTIFIER = "com.dk.-605-Swift----storyboard";
				PRODUCT_NAME = "$(TARGET_NAME)";
				SWIFT_VERSION = 3.0;
			};
			name = Debug;
		};
		A81D01061DFFF42D000A52CC /* Release */ = {
			isa = XCBuildConfiguration;
			buildSettings = {
				ASSETCATALOG_COMPILER_APPICON_NAME = AppIcon;
				INFOPLIST_FILE = "1605-Swift三级结构storyboard/Info.plist";
				LD_RUNPATH_SEARCH_PATHS = "$(inherited) @executable_path/Frameworks";
				PRODUCT_BUNDLE_IDENTIFIER = "com.dk.-605-Swift----storyboard";
				PRODUCT_NAME = "$(TARGET_NAME)";
				SWIFT_VERSION = 3.0;
			};
			name = Release;
		};
/* End XCBuildConfiguration section */

/* Begin XCConfigurationList section */
		A81D00ED1DFFF42D000A52CC /* Build configuration list for PBXProject "1605-Swift三级结构storyboard" */ = {
			isa = XCConfigurationList;
			buildConfigurations = (
				A81D01021DFFF42D000A52CC /* Debug */,
				A81D01031DFFF42D000A52CC /* Release */,
			);
			defaultConfigurationIsVisible = 0;
			defaultConfigurationName = Release;
		};
		A81D01041DFFF42D000A52CC /* Build configuration list for PBXNativeTarget "1605-Swift三级结构storyboard" */ = {
			isa = XCConfigurationList;
			buildConfigurations = (
				A81D01051DFFF42D000A52CC /* Debug */,
				A81D01061DFFF42D000A52CC /* Release */,
			);
			defaultConfigurationIsVisible = 0;
			defaultConfigurationName = Release;
		};
/* End XCConfigurationList section */
	};
	rootObject = A81D00EA1DFFF42D000A52CC /* Project object */;
}
