// !$*UTF8*$!
{
	archiveVersion = 1;
	classes = {
	};
	objectVersion = 46;
	objects = {

/* Begin PBXBuildFile section */
		A8E42AC81DFE4D4100E464D3 /* main.swift in Sources */ = {isa = PBXBuildFile; fileRef = A8E42AC71DFE4D4100E464D3 /* main.swift */; };
		A8E42ACF1DFE4F5D00E464D3 /* Base.swift in Sources */ = {isa = PBXBuildFile; fileRef = A8E42ACE1DFE4F5D00E464D3 /* Base.swift */; };
		A8E42AD11DFE502500E464D3 /* SubClass.swift in Sources */ = {isa = PBXBuildFile; fileRef = A8E42AD01DFE502500E464D3 /* SubClass.swift */; };
/* End PBXBuildFile section */

/* Begin PBXCopyFilesBuildPhase section */
		A8E42AC21DFE4D4100E464D3 /* CopyFiles */ = {
			isa = PBXCopyFilesBuildPhase;
			buildActionMask = 2147483647;
			dstPath = /usr/share/man/man1/;
			dstSubfolderSpec = 0;
			files = (
			);
			runOnlyForDeploymentPostprocessing = 1;
		};
/* End PBXCopyFilesBuildPhase section */

/* Begin PBXFileReference section */
		A8E42AC41DFE4D4100E464D3 /* 0601-Swift初始化 */ = {isa = PBXFileReference; explicitFileType = "compiled.mach-o.executable"; includeInIndex = 0; path = "0601-Swift初始化"; sourceTree = BUILT_PRODUCTS_DIR; };
		A8E42AC71DFE4D4100E464D3 /* main.swift */ = {isa = PBXFileReference; lastKnownFileType = sourcecode.swift; path = main.swift; sourceTree = "<group>"; };
		A8E42ACE1DFE4F5D00E464D3 /* Base.swift */ = {isa = PBXFileReference; fileEncoding = 4; lastKnownFileType = sourcecode.swift; path = Base.swift; sourceTree = "<group>"; };
		A8E42AD01DFE502500E464D3 /* SubClass.swift */ = {isa = PBXFileReference; fileEncoding = 4; lastKnownFileType = sourcecode.swift; path = SubClass.swift; sourceTree = "<group>"; };
/* End PBXFileReference section */

/* Begin PBXFrameworksBuildPhase section */
		A8E42AC11DFE4D4100E464D3 /* Frameworks */ = {
			isa = PBXFrameworksBuildPhase;
			buildActionMask = 2147483647;
			files = (
			);
			runOnlyForDeploymentPostprocessing = 0;
		};
/* End PBXFrameworksBuildPhase section */

/* Begin PBXGroup section */
		A8E42ABB1DFE4D4000E464D3 = {
			isa = PBXGroup;
			children = (
				A8E42AC61DFE4D4100E464D3 /* 0601-Swift初始化 */,
				A8E42AC51DFE4D4100E464D3 /* Products */,
			);
			sourceTree = "<group>";
		};
		A8E42AC51DFE4D4100E464D3 /* Products */ = {
			isa = PBXGroup;
			children = (
				A8E42AC41DFE4D4100E464D3 /* 0601-Swift初始化 */,
			);
			name = Products;
			sourceTree = "<group>";
		};
		A8E42AC61DFE4D4100E464D3 /* 0601-Swift初始化 */ = {
			isa = PBXGroup;
			children = (
				A8E42AC71DFE4D4100E464D3 /* main.swift */,
				A8E42ACE1DFE4F5D00E464D3 /* Base.swift */,
				A8E42AD01DFE502500E464D3 /* SubClass.swift */,
			);
			path = "0601-Swift初始化";
			sourceTree = "<group>";
		};
/* End PBXGroup section */

/* Begin PBXNativeTarget section */
		A8E42AC31DFE4D4100E464D3 /* 0601-Swift初始化 */ = {
			isa = PBXNativeTarget;
			buildConfigurationList = A8E42ACB1DFE4D4100E464D3 /* Build configuration list for PBXNativeTarget "0601-Swift初始化" */;
			buildPhases = (
				A8E42AC01DFE4D4100E464D3 /* Sources */,
				A8E42AC11DFE4D4100E464D3 /* Frameworks */,
				A8E42AC21DFE4D4100E464D3 /* CopyFiles */,
			);
			buildRules = (
			);
			dependencies = (
			);
			name = "0601-Swift初始化";
			productName = "0601-Swift初始化";
			productReference = A8E42AC41DFE4D4100E464D3 /* 0601-Swift初始化 */;
			productType = "com.apple.product-type.tool";
		};
/* End PBXNativeTarget section */

/* Begin PBXProject section */
		A8E42ABC1DFE4D4000E464D3 /* Project object */ = {
			isa = PBXProject;
			attributes = {
				LastSwiftUpdateCheck = 0810;
				LastUpgradeCheck = 0810;
				ORGANIZATIONNAME = "Meng Fan";
				TargetAttributes = {
					A8E42AC31DFE4D4100E464D3 = {
						CreatedOnToolsVersion = 8.1;
						ProvisioningStyle = Automatic;
					};
				};
			};
			buildConfigurationList = A8E42ABF1DFE4D4000E464D3 /* Build configuration list for PBXProject "0601-Swift初始化" */;
			compatibilityVersion = "Xcode 3.2";
			developmentRegion = English;
			hasScannedForEncodings = 0;
			knownRegions = (
				en,
			);
			mainGroup = A8E42ABB1DFE4D4000E464D3;
			productRefGroup = A8E42AC51DFE4D4100E464D3 /* Products */;
			projectDirPath = "";
			projectRoot = "";
			targets = (
				A8E42AC31DFE4D4100E464D3 /* 0601-Swift初始化 */,
			);
		};
/* End PBXProject section */

/* Begin PBXSourcesBuildPhase section */
		A8E42AC01DFE4D4100E464D3 /* Sources */ = {
			isa = PBXSourcesBuildPhase;
			buildActionMask = 2147483647;
			files = (
				A8E42ACF1DFE4F5D00E464D3 /* Base.swift in Sources */,
				A8E42AC81DFE4D4100E464D3 /* main.swift in Sources */,
				A8E42AD11DFE502500E464D3 /* SubClass.swift in Sources */,
			);
			runOnlyForDeploymentPostprocessing = 0;
		};
/* End PBXSourcesBuildPhase section */

/* Begin XCBuildConfiguration section */
		A8E42AC91DFE4D4100E464D3 /* Debug */ = {
			isa = XCBuildConfiguration;
			buildSettings = {
				ALWAYS_SEARCH_USER_PATHS = NO;
				CLANG_ANALYZER_NONNULL = YES;
				CLANG_CXX_LANGUAGE_STANDARD = "gnu++0x";
				CLANG_CXX_LIBRARY = "libc++";
				CLANG_ENABLE_MODULES = YES;
				CLANG_ENABLE_OBJC_ARC = YES;
				CLANG_WARN_BOOL_CONVERSION = YES;
				CLANG_WARN_CONSTANT_CONVERSION = YES;
				CLANG_WARN_DIRECT_OBJC_ISA_USAGE = YES_ERROR;
				CLANG_WARN_DOCUMENTATION_COMMENTS = YES;
				CLANG_WARN_EMPTY_BODY = YES;
				CLANG_WARN_ENUM_CONVERSION = YES;
				CLANG_WARN_INFINITE_RECURSION = YES;
				CLANG_WARN_INT_CONVERSION = YES;
				CLANG_WARN_OBJC_ROOT_CLASS = YES_ERROR;
				CLANG_WARN_SUSPICIOUS_MOVES = YES;
				CLANG_WARN_UNREACHABLE_CODE = YES;
				CLANG_WARN__DUPLICATE_METHOD_MATCH = YES;
				CODE_SIGN_IDENTITY = "-";
				COPY_PHASE_STRIP = NO;
				DEBUG_INFORMATION_FORMAT = dwarf;
				ENABLE_STRICT_OBJC_MSGSEND = YES;
				ENABLE_TESTABILITY = YES;
				GCC_C_LANGUAGE_STANDARD = gnu99;
				GCC_DYNAMIC_NO_PIC = NO;
				GCC_NO_COMMON_BLOCKS = YES;
				GCC_OPTIMIZATION_LEVEL = 0;
				GCC_PREPROCESSOR_DEFINITIONS = (
					"DEBUG=1",
					"$(inherited)",
				);
				GCC_WARN_64_TO_32_BIT_CONVERSION = YES;
				GCC_WARN_ABOUT_RETURN_TYPE = YES_ERROR;
				GCC_WARN_UNDECLARED_SELECTOR = YES;
				GCC_WARN_UNINITIALIZED_AUTOS = YES_AGGRESSIVE;
				GCC_WARN_UNUSED_FUNCTION = YES;
				GCC_WARN_UNUSED_VARIABLE = YES;
				MACOSX_DEPLOYMENT_TARGET = 10.11;
				MTL_ENABLE_DEBUG_INFO = YES;
				ONLY_ACTIVE_ARCH = YES;
				SDKROOT = macosx;
				SWIFT_OPTIMIZATION_LEVEL = "-Onone";
			};
			name = Debug;
		};
		A8E42ACA1DFE4D4100E464D3 /* Release */ = {
			isa = XCBuildConfiguration;
			buildSettings = {
				ALWAYS_SEARCH_USER_PATHS = NO;
				CLANG_ANALYZER_NONNULL = YES;
				CLANG_CXX_LANGUAGE_STANDARD = "gnu++0x";
				CLANG_CXX_LIBRARY = "libc++";
				CLANG_ENABLE_MODULES = YES;
				CLANG_ENABLE_OBJC_ARC = YES;
				CLANG_WARN_BOOL_CONVERSION = YES;
				CLANG_WARN_CONSTANT_CONVERSION = YES;
				CLANG_WARN_DIRECT_OBJC_ISA_USAGE = YES_ERROR;
				CLANG_WARN_DOCUMENTATION_COMMENTS = YES;
				CLANG_WARN_EMPTY_BODY = YES;
				CLANG_WARN_ENUM_CONVERSION = YES;
				CLANG_WARN_INFINITE_RECURSION = YES;
				CLANG_WARN_INT_CONVERSION = YES;
				CLANG_WARN_OBJC_ROOT_CLASS = YES_ERROR;
				CLANG_WARN_SUSPICIOUS_MOVES = YES;
				CLANG_WARN_UNREACHABLE_CODE = YES;
				CLANG_WARN__DUPLICATE_METHOD_MATCH = YES;
				CODE_SIGN_IDENTITY = "-";
				COPY_PHASE_STRIP = NO;
				DEBUG_INFORMATION_FORMAT = "dwarf-with-dsym";
				ENABLE_NS_ASSERTIONS = NO;
				ENABLE_STRICT_OBJC_MSGSEND = YES;
				GCC_C_LANGUAGE_STANDARD = gnu99;
				GCC_NO_COMMON_BLOCKS = YES;
				GCC_WARN_64_TO_32_BIT_CONVERSION = YES;
				GCC_WARN_ABOUT_RETURN_TYPE = YES_ERROR;
				GCC_WARN_UNDECLARED_SELECTOR = YES;
				GCC_WARN_UNINITIALIZED_AUTOS = YES_AGGRESSIVE;
				GCC_WARN_UNUSED_FUNCTION = YES;
				GCC_WARN_UNUSED_VARIABLE = YES;
				MACOSX_DEPLOYMENT_TARGET = 10.11;
				MTL_ENABLE_DEBUG_INFO = NO;
				SDKROOT = macosx;
			};
			name = Release;
		};
		A8E42ACC1DFE4D4100E464D3 /* Debug */ = {
			isa = XCBuildConfiguration;
			buildSettings = {
				PRODUCT_NAME = "$(TARGET_NAME)";
				SWIFT_VERSION = 3.0;
			};
			name = Debug;
		};
		A8E42ACD1DFE4D4100E464D3 /* Release */ = {
			isa = XCBuildConfiguration;
			buildSettings = {
				PRODUCT_NAME = "$(TARGET_NAME)";
				SWIFT_VERSION = 3.0;
			};
			name = Release;
		};
/* End XCBuildConfiguration section */

/* Begin XCConfigurationList section */
		A8E42ABF1DFE4D4000E464D3 /* Build configuration list for PBXProject "0601-Swift初始化" */ = {
			isa = XCConfigurationList;
			buildConfigurations = (
				A8E42AC91DFE4D4100E464D3 /* Debug */,
				A8E42ACA1DFE4D4100E464D3 /* Release */,
			);
			defaultConfigurationIsVisible = 0;
			defaultConfigurationName = Release;
		};
		A8E42ACB1DFE4D4100E464D3 /* Build configuration list for PBXNativeTarget "0601-Swift初始化" */ = {
			isa = XCConfigurationList;
			buildConfigurations = (
				A8E42ACC1DFE4D4100E464D3 /* Debug */,
				A8E42ACD1DFE4D4100E464D3 /* Release */,
			);
			defaultConfigurationIsVisible = 0;
		};
/* End XCConfigurationList section */
	};
	rootObject = A8E42ABC1DFE4D4000E464D3 /* Project object */;
}
